<?xml version="1.0" encoding="utf-8"?>
<Project ToolsVersion="4.0" xmlns="http://schemas.microsoft.com/developer/msbuild/2003">
  <ItemGroup>
    <Filter Include="Engine">
      <UniqueIdentifier>{35748659-d3bd-43ae-a4e9-edc4a0cf3785}</UniqueIdentifier>
    </Filter>
    <Filter Include="Engine\02.Core">
      <UniqueIdentifier>{991dd733-e5d4-4f0c-a313-a2ac629d6fd8}</UniqueIdentifier>
    </Filter>
    <Filter Include="Default">
      <UniqueIdentifier>{1cfb5f19-5f40-4580-b0e2-8ec2dfbd0388}</UniqueIdentifier>
    </Filter>
    <Filter Include="Default\리소스 파일">
      <UniqueIdentifier>{67DA6AB6-F800-4c08-8B7A-83BB121AAD01}</UniqueIdentifier>
      <Extensions>rc;ico;cur;bmp;dlg;rc2;rct;bin;rgs;gif;jpg;jpeg;jpe;resx;tiff;tif;png;wav;mfcribbon-ms</Extensions>
    </Filter>
    <Filter Include="Default\소스 파일">
      <UniqueIdentifier>{4FC737F1-C7A5-4376-A066-2A32D752A2FF}</UniqueIdentifier>
      <Extensions>cpp;c;cc;cxx;c++;cppm;ixx;def;odl;idl;hpj;bat;asm;asmx</Extensions>
    </Filter>
    <Filter Include="Engine\01.Header">
      <UniqueIdentifier>{10770010-6d48-4645-bfb0-7348ed01e90a}</UniqueIdentifier>
    </Filter>
    <Filter Include="Engine\03. Manager">
      <UniqueIdentifier>{ef1a558f-3fec-4e8c-b348-c8264733994d}</UniqueIdentifier>
    </Filter>
    <Filter Include="Engine\04. Object">
      <UniqueIdentifier>{a13c94c5-ea37-49a3-9180-c7f94bee0764}</UniqueIdentifier>
    </Filter>
    <Filter Include="Engine\03. Manager\KeyMgr">
      <UniqueIdentifier>{254f3cd2-2963-47b3-bbff-6739e3171c15}</UniqueIdentifier>
    </Filter>
    <Filter Include="Engine\03. Manager\TimeMgr">
      <UniqueIdentifier>{f06bcf97-eddd-4bb6-9865-995b828bc8d7}</UniqueIdentifier>
    </Filter>
    <Filter Include="Engine\05. Scene">
      <UniqueIdentifier>{0739d045-1e80-44f7-bc58-c726e09c1507}</UniqueIdentifier>
    </Filter>
    <Filter Include="Engine\03. Manager\SceneMgr">
      <UniqueIdentifier>{a655cdff-fd35-4d5c-8b3a-b8cb8218a906}</UniqueIdentifier>
    </Filter>
    <Filter Include="Engine\05. Scene\Scene_Start">
      <UniqueIdentifier>{47145fa9-692a-48b6-a0e9-d05ded07211f}</UniqueIdentifier>
    </Filter>
    <Filter Include="Engine\05. Scene\Scene_Tool">
      <UniqueIdentifier>{3120fdc1-ec26-4fdc-b01c-dd2a54f48dcf}</UniqueIdentifier>
    </Filter>
    <Filter Include="Engine\04. Object\Player">
      <UniqueIdentifier>{227cf8fb-5176-4c47-8c21-61f5aacf0dfd}</UniqueIdentifier>
    </Filter>
    <Filter Include="Engine\04. Object\Monster">
      <UniqueIdentifier>{382e5e39-454d-4e4e-850e-b7849897184a}</UniqueIdentifier>
    </Filter>
    <Filter Include="Engine\04. Object\Missile">
      <UniqueIdentifier>{8d3bc1cb-da35-4986-805a-5dc26ec5863c}</UniqueIdentifier>
    </Filter>
    <Filter Include="Engine\03. Manager\PathMgr">
      <UniqueIdentifier>{e8c57e54-84e0-455e-bc80-1215874dba4b}</UniqueIdentifier>
    </Filter>
    <Filter Include="Engine\03. Manager\ResMgr">
      <UniqueIdentifier>{1b60e6a6-48e1-4ae1-9075-4a9a803e0ac9}</UniqueIdentifier>
    </Filter>
    <Filter Include="Engine\07. Component">
      <UniqueIdentifier>{2083e726-9a7e-44a3-92ea-5e33e6b024c2}</UniqueIdentifier>
    </Filter>
    <Filter Include="Engine\06.Resource">
      <UniqueIdentifier>{307832c8-c986-4f9b-8d8a-2f2dee626fc6}</UniqueIdentifier>
    </Filter>
    <Filter Include="Engine\06.Resource\Texture">
      <UniqueIdentifier>{1e5525ca-5540-41ab-a4a2-dad391c7546d}</UniqueIdentifier>
    </Filter>
    <Filter Include="Engine\06.Resource\Sound">
      <UniqueIdentifier>{818f9cfb-b916-4008-b8f5-d978f46233c6}</UniqueIdentifier>
    </Filter>
    <Filter Include="Engine\08. Module">
      <UniqueIdentifier>{30ece21d-199a-4e92-9ce1-d12f6195c171}</UniqueIdentifier>
    </Filter>
    <Filter Include="Engine\03. Manager\ColiderMgr">
      <UniqueIdentifier>{14f73a3c-0b89-42f7-af9d-229466b1f9ad}</UniqueIdentifier>
    </Filter>
  </ItemGroup>
  <ItemGroup>
    <ClInclude Include="CCore.h">
      <Filter>Engine\02.Core</Filter>
    </ClInclude>
    <ClInclude Include="Client.h">
      <Filter>Default</Filter>
    </ClInclude>
    <ClInclude Include="framework.h">
      <Filter>Default</Filter>
    </ClInclude>
    <ClInclude Include="Resource.h">
      <Filter>Default</Filter>
    </ClInclude>
    <ClInclude Include="targetver.h">
      <Filter>Default</Filter>
    </ClInclude>
    <ClInclude Include="define.h">
      <Filter>Engine\01.Header</Filter>
    </ClInclude>
    <ClInclude Include="pch.h" />
    <ClInclude Include="CObject.h">
      <Filter>Engine\04. Object</Filter>
    </ClInclude>
    <ClInclude Include="struct.h">
      <Filter>Engine\01.Header</Filter>
    </ClInclude>
    <ClInclude Include="KeyManager.h">
      <Filter>Engine\03. Manager\KeyMgr</Filter>
    </ClInclude>
    <ClInclude Include="CTimeMgr.h">
      <Filter>Engine\03. Manager\TimeMgr</Filter>
    </ClInclude>
    <ClInclude Include="SceneManager.h">
      <Filter>Engine\03. Manager\SceneMgr</Filter>
    </ClInclude>
    <ClInclude Include="CScene_Start.h">
      <Filter>Engine\05. Scene\Scene_Start</Filter>
    </ClInclude>
    <ClInclude Include="CScene.h">
      <Filter>Engine\05. Scene</Filter>
    </ClInclude>
    <ClInclude Include="CPlayer.h">
      <Filter>Engine\04. Object\Player</Filter>
    </ClInclude>
    <ClInclude Include="CMonster.h">
      <Filter>Engine\04. Object\Monster</Filter>
    </ClInclude>
    <ClInclude Include="CMissile.h">
      <Filter>Engine\04. Object\Missile</Filter>
    </ClInclude>
    <ClInclude Include="CRes.h">
      <Filter>Engine\06.Resource</Filter>
    </ClInclude>
    <ClInclude Include="CTexture.h">
      <Filter>Engine\06.Resource\Texture</Filter>
    </ClInclude>
    <ClInclude Include="CSound.h">
      <Filter>Engine\06.Resource\Sound</Filter>
    </ClInclude>
    <ClInclude Include="CPathMgr.h">
      <Filter>Engine\03. Manager\PathMgr</Filter>
    </ClInclude>
    <ClInclude Include="ResourceManager.h">
      <Filter>Engine\03. Manager\ResMgr</Filter>
    </ClInclude>
    <ClInclude Include="CColider.h">
      <Filter>Engine\07. Component</Filter>
    </ClInclude>
    <ClInclude Include="SelectGDI.h">
      <Filter>Engine\08. Module</Filter>
    </ClInclude>
    <ClInclude Include="CCollisionMgr.h">
      <Filter>Engine\03. Manager\ColiderMgr</Filter>
    </ClInclude>
  </ItemGroup>
  <ItemGroup>
    <ClCompile Include="CCore.cpp">
      <Filter>Engine\02.Core</Filter>
    </ClCompile>
    <ClCompile Include="main.cpp">
      <Filter>Default</Filter>
    </ClCompile>
    <ClCompile Include="CObject.cpp">
      <Filter>Engine\04. Object</Filter>
    </ClCompile>
    <ClCompile Include="KeyManager.cpp">
      <Filter>Engine\03. Manager\KeyMgr</Filter>
    </ClCompile>
    <ClCompile Include="CTimeMgr.cpp">
      <Filter>Engine\03. Manager\TimeMgr</Filter>
    </ClCompile>
    <ClCompile Include="SceneManager.cpp">
      <Filter>Engine\03. Manager\SceneMgr</Filter>
    </ClCompile>
    <ClCompile Include="CScene_Start.cpp">
      <Filter>Engine\05. Scene\Scene_Start</Filter>
    </ClCompile>
    <ClCompile Include="CScene.cpp">
      <Filter>Engine\05. Scene</Filter>
    </ClCompile>
    <ClCompile Include="CPlayer.cpp">
      <Filter>Engine\04. Object\Player</Filter>
    </ClCompile>
    <ClCompile Include="CMonster.cpp">
      <Filter>Engine\04. Object\Monster</Filter>
    </ClCompile>
    <ClCompile Include="CMissile.cpp">
      <Filter>Engine\04. Object\Missile</Filter>
    </ClCompile>
    <ClCompile Include="Resource.cpp">
      <Filter>Default\소스 파일</Filter>
    </ClCompile>
    <ClCompile Include="CRes.cpp">
      <Filter>Engine\06.Resource</Filter>
    </ClCompile>
    <ClCompile Include="CTexture.cpp">
      <Filter>Engine\06.Resource\Texture</Filter>
    </ClCompile>
    <ClCompile Include="CSound.cpp">
      <Filter>Engine\06.Resource\Sound</Filter>
    </ClCompile>
    <ClCompile Include="CPathMgr.cpp">
      <Filter>Engine\03. Manager\PathMgr</Filter>
    </ClCompile>
    <ClCompile Include="ResourceManager.cpp">
      <Filter>Engine\03. Manager\ResMgr</Filter>
    </ClCompile>
    <ClCompile Include="CColider.cpp">
      <Filter>Engine\07. Component</Filter>
    </ClCompile>
    <ClCompile Include="SelectGDI.cpp">
      <Filter>Engine\08. Module</Filter>
    </ClCompile>
    <ClCompile Include="CCollisionMgr.cpp">
      <Filter>Engine\03. Manager\ColiderMgr</Filter>
    </ClCompile>
  </ItemGroup>
  <ItemGroup>
    <ResourceCompile Include="Client.rc">
      <Filter>Default\리소스 파일</Filter>
    </ResourceCompile>
  </ItemGroup>
  <ItemGroup>
    <Image Include="small.ico">
      <Filter>Default\리소스 파일</Filter>
    </Image>
    <Image Include="Client.ico">
      <Filter>Default\리소스 파일</Filter>
    </Image>
  </ItemGroup>
</Project>